github.com/dlclark/regexp2 v1.12.0 h1:0j4c5qQmnC6XOWNjP3PIXURXN2gWx76rd3KvgdPkCz8=
github.com/dlclark/regexp2 v1.12.0/go.mod h1:DHkYz0B9wPfa6wondMfaivmHpzrQ3v9q8cnmRbL6yW8=
github.com/pt-main/lc v1.4.2 h1:1+UiNubv+7R/p++pDvjvX+7qa1rSvAf5JV1QH4fJwk0=
github.com/pt-main/lc v1.4.2/go.mod h1:YNbfNwM3eO/xHarctZ288mYFKFv4X9mBsDzpgogByCs=
github.com/pt-main/tap v1.4.5 h1:g6W1aIx7qHhVmugicqGRvk5UugpyGWDn/ip57iCIK6E=
github.com/pt-main/tap v1.4.5/go.mod h1:ULQUJ/+8VIji9oq26pr1cmbXv+VUlhjsvq1n/vd4f3I=
